
Microsoft Visual Studio Solution File, Format Version 12.00
# Visual Studio Version 17
VisualStudioVersion = 17.10.35122.118
MinimumVisualStudioVersion = 10.0.40219.1
Project("{FAE04EC0-301F-11D3-BF4B-00C04F79EFBC}") = "ReactiveDotNet", "ReactiveDotNet\ReactiveDotNet.csproj", "{49B8A74A-6669-4477-A5AF-85843DD4DF9A}"
EndProject
Global
	GlobalSection(SolutionConfigurationPlatforms) = preSolution
		Debug|Any CPU = Debug|Any CPU
		Release|Any CPU = Release|Any CPU
	EndGlobalSection
	GlobalSection(ProjectConfigurationPlatforms) = postSolution
		{49B8A74A-6669-4477-A5AF-85843DD4DF9A}.Debug|Any CPU.ActiveCfg = Debug|Any CPU
		{49B8A74A-6669-4477-A5AF-85843DD4DF9A}.Debug|Any CPU.Build.0 = Debug|Any CPU
		{49B8A74A-6669-4477-A5AF-85843DD4DF9A}.Release|Any CPU.ActiveCfg = Release|Any CPU
		{49B8A74A-6669-4477-A5AF-85843DD4DF9A}.Release|Any CPU.Build.0 = Release|Any CPU
	EndGlobalSection
	GlobalSection(SolutionProperties) = preSolution
		HideSolutionNode = FALSE
	EndGlobalSection
	GlobalSection(ExtensibilityGlobals) = postSolution
		SolutionGuid = {CC4C8A7A-5AF9-4F46-B294-E9606DDA52F5}
	EndGlobalSection
EndGlobal
