
Microsoft Visual Studio Solution File, Format Version 12.00
# Visual Studio Version 17
VisualStudioVersion = 17.10.35122.118
MinimumVisualStudioVersion = 10.0.40219.1
Project("{FAE04EC0-301F-11D3-BF4B-00C04F79EFBC}") = "BlazorApp14", "BlazorApp14\BlazorApp14\BlazorApp14.csproj", "{348D2F18-EF1F-4431-8372-D084FD003864}"
EndProject
Project("{FAE04EC0-301F-11D3-BF4B-00C04F79EFBC}") = "BlazorApp14.Client", "BlazorApp14\BlazorApp14.Client\BlazorApp14.Client.csproj", "{E361D22D-DF61-4D89-909C-6619F847CCBA}"
EndProject
Global
	GlobalSection(SolutionConfigurationPlatforms) = preSolution
		Debug|Any CPU = Debug|Any CPU
		Release|Any CPU = Release|Any CPU
	EndGlobalSection
	GlobalSection(ProjectConfigurationPlatforms) = postSolution
		{348D2F18-EF1F-4431-8372-D084FD003864}.Debug|Any CPU.ActiveCfg = Debug|Any CPU
		{348D2F18-EF1F-4431-8372-D084FD003864}.Debug|Any CPU.Build.0 = Debug|Any CPU
		{348D2F18-EF1F-4431-8372-D084FD003864}.Release|Any CPU.ActiveCfg = Release|Any CPU
		{348D2F18-EF1F-4431-8372-D084FD003864}.Release|Any CPU.Build.0 = Release|Any CPU
		{E361D22D-DF61-4D89-909C-6619F847CCBA}.Debug|Any CPU.ActiveCfg = Debug|Any CPU
		{E361D22D-DF61-4D89-909C-6619F847CCBA}.Debug|Any CPU.Build.0 = Debug|Any CPU
		{E361D22D-DF61-4D89-909C-6619F847CCBA}.Release|Any CPU.ActiveCfg = Release|Any CPU
		{E361D22D-DF61-4D89-909C-6619F847CCBA}.Release|Any CPU.Build.0 = Release|Any CPU
	EndGlobalSection
	GlobalSection(SolutionProperties) = preSolution
		HideSolutionNode = FALSE
	EndGlobalSection
	GlobalSection(ExtensibilityGlobals) = postSolution
		SolutionGuid = {B9CA8487-4275-414D-A337-DEF22EF4F4D9}
	EndGlobalSection
EndGlobal
