
Microsoft Visual Studio Solution File, Format Version 12.00
# Visual Studio Version 17
VisualStudioVersion = 17.10.35122.118
MinimumVisualStudioVersion = 10.0.40219.1
Project("{FAE04EC0-301F-11D3-BF4B-00C04F79EFBC}") = "BlazorApp1", "BlazorApp1\BlazorApp1.csproj", "{D0319725-8497-470D-BF2E-719034E5AEA1}"
EndProject
Global
	GlobalSection(SolutionConfigurationPlatforms) = preSolution
		Debug|Any CPU = Debug|Any CPU
		Release|Any CPU = Release|Any CPU
	EndGlobalSection
	GlobalSection(ProjectConfigurationPlatforms) = postSolution
		{D0319725-8497-470D-BF2E-719034E5AEA1}.Debug|Any CPU.ActiveCfg = Debug|Any CPU
		{D0319725-8497-470D-BF2E-719034E5AEA1}.Debug|Any CPU.Build.0 = Debug|Any CPU
		{D0319725-8497-470D-BF2E-719034E5AEA1}.Release|Any CPU.ActiveCfg = Release|Any CPU
		{D0319725-8497-470D-BF2E-719034E5AEA1}.Release|Any CPU.Build.0 = Release|Any CPU
	EndGlobalSection
	GlobalSection(SolutionProperties) = preSolution
		HideSolutionNode = FALSE
	EndGlobalSection
	GlobalSection(ExtensibilityGlobals) = postSolution
		SolutionGuid = {0DC220EF-C489-474E-AB1E-D159B7441EC2}
	EndGlobalSection
EndGlobal
