
Microsoft Visual Studio Solution File, Format Version 12.00
# Visual Studio Version 17
VisualStudioVersion = 17.10.35122.118
MinimumVisualStudioVersion = 10.0.40219.1
Project("{FAE04EC0-301F-11D3-BF4B-00C04F79EFBC}") = "BlazorApp1", "BlazorApp1\BlazorApp1\BlazorApp1.csproj", "{286D5315-29F3-4501-8873-A4A81111A14F}"
EndProject
Project("{FAE04EC0-301F-11D3-BF4B-00C04F79EFBC}") = "BlazorApp1.Client", "BlazorApp1\BlazorApp1.Client\BlazorApp1.Client.csproj", "{D5D84280-59B1-4935-A3A8-317A7B3D8328}"
EndProject
Global
	GlobalSection(SolutionConfigurationPlatforms) = preSolution
		Debug|Any CPU = Debug|Any CPU
		Release|Any CPU = Release|Any CPU
	EndGlobalSection
	GlobalSection(ProjectConfigurationPlatforms) = postSolution
		{286D5315-29F3-4501-8873-A4A81111A14F}.Debug|Any CPU.ActiveCfg = Debug|Any CPU
		{286D5315-29F3-4501-8873-A4A81111A14F}.Debug|Any CPU.Build.0 = Debug|Any CPU
		{286D5315-29F3-4501-8873-A4A81111A14F}.Release|Any CPU.ActiveCfg = Release|Any CPU
		{286D5315-29F3-4501-8873-A4A81111A14F}.Release|Any CPU.Build.0 = Release|Any CPU
		{D5D84280-59B1-4935-A3A8-317A7B3D8328}.Debug|Any CPU.ActiveCfg = Debug|Any CPU
		{D5D84280-59B1-4935-A3A8-317A7B3D8328}.Debug|Any CPU.Build.0 = Debug|Any CPU
		{D5D84280-59B1-4935-A3A8-317A7B3D8328}.Release|Any CPU.ActiveCfg = Release|Any CPU
		{D5D84280-59B1-4935-A3A8-317A7B3D8328}.Release|Any CPU.Build.0 = Release|Any CPU
	EndGlobalSection
	GlobalSection(SolutionProperties) = preSolution
		HideSolutionNode = FALSE
	EndGlobalSection
	GlobalSection(ExtensibilityGlobals) = postSolution
		SolutionGuid = {F810987E-6CAF-4F08-AF79-ADDB07BC0B0B}
	EndGlobalSection
EndGlobal
